// !$*UTF8*$!
{
	archiveVersion = 1;
	classes = {
	};
	objectVersion = 56;
	objects = {

/* Begin PBXBuildFile section */
		C92227682C5908BC00E7D17F /* AppDelegate.swift in Sources */ = {isa = PBXBuildFile; fileRef = C92227672C5908BC00E7D17F /* AppDelegate.swift */; };
		C922276A2C5908BC00E7D17F /* SceneDelegate.swift in Sources */ = {isa = PBXBuildFile; fileRef = C92227692C5908BC00E7D17F /* SceneDelegate.swift */; };
		C922276C2C5908BC00E7D17F /* SimplePickerViewController.swift in Sources */ = {isa = PBXBuildFile; fileRef = C922276B2C5908BC00E7D17F /* SimplePickerViewController.swift */; };
		C92227742C5908BC00E7D17F /* Assets.xcassets in Resources */ = {isa = PBXBuildFile; fileRef = C92227732C5908BC00E7D17F /* Assets.xcassets */; };
		C92227772C5908BC00E7D17F /* Base in Resources */ = {isa = PBXBuildFile; fileRef = C92227762C5908BC00E7D17F /* Base */; };
		C92227802C590A4900E7D17F /* RxCocoa in Frameworks */ = {isa = PBXBuildFile; productRef = C922277F2C590A4900E7D17F /* RxCocoa */; };
		C92227822C590A4900E7D17F /* RxSwift in Frameworks */ = {isa = PBXBuildFile; productRef = C92227812C590A4900E7D17F /* RxSwift */; };
		C92227852C590A5A00E7D17F /* SnapKit in Frameworks */ = {isa = PBXBuildFile; productRef = C92227842C590A5A00E7D17F /* SnapKit */; };
		C92227872C590F5900E7D17F /* SimpleTableViewController.swift in Sources */ = {isa = PBXBuildFile; fileRef = C92227862C590F5900E7D17F /* SimpleTableViewController.swift */; };
		C922278A2C59115200E7D17F /* SwitchViewController.swift in Sources */ = {isa = PBXBuildFile; fileRef = C92227892C59115200E7D17F /* SwitchViewController.swift */; };
		C922278C2C59122C00E7D17F /* SimpleTextFieldViewController.swift in Sources */ = {isa = PBXBuildFile; fileRef = C922278B2C59122C00E7D17F /* SimpleTextFieldViewController.swift */; };
		C92227902C59216400E7D17F /* UIViewController+.swift in Sources */ = {isa = PBXBuildFile; fileRef = C922278F2C59216400E7D17F /* UIViewController+.swift */; };
		C92227932C59277A00E7D17F /* OperatorViewController.swift in Sources */ = {isa = PBXBuildFile; fileRef = C92227922C59277A00E7D17F /* OperatorViewController.swift */; };
/* End PBXBuildFile section */

/* Begin PBXFileReference section */
		C92227642C5908BC00E7D17F /* Day1.app */ = {isa = PBXFileReference; explicitFileType = wrapper.application; includeInIndex = 0; path = Day1.app; sourceTree = BUILT_PRODUCTS_DIR; };
		C92227672C5908BC00E7D17F /* AppDelegate.swift */ = {isa = PBXFileReference; lastKnownFileType = sourcecode.swift; path = AppDelegate.swift; sourceTree = "<group>"; };
		C92227692C5908BC00E7D17F /* SceneDelegate.swift */ = {isa = PBXFileReference; lastKnownFileType = sourcecode.swift; path = SceneDelegate.swift; sourceTree = "<group>"; };
		C922276B2C5908BC00E7D17F /* SimplePickerViewController.swift */ = {isa = PBXFileReference; lastKnownFileType = sourcecode.swift; path = SimplePickerViewController.swift; sourceTree = "<group>"; };
		C92227732C5908BC00E7D17F /* Assets.xcassets */ = {isa = PBXFileReference; lastKnownFileType = folder.assetcatalog; path = Assets.xcassets; sourceTree = "<group>"; };
		C92227762C5908BC00E7D17F /* Base */ = {isa = PBXFileReference; lastKnownFileType = file.storyboard; name = Base; path = Base.lproj/LaunchScreen.storyboard; sourceTree = "<group>"; };
		C92227782C5908BC00E7D17F /* Info.plist */ = {isa = PBXFileReference; lastKnownFileType = text.plist.xml; path = Info.plist; sourceTree = "<group>"; };
		C92227862C590F5900E7D17F /* SimpleTableViewController.swift */ = {isa = PBXFileReference; lastKnownFileType = sourcecode.swift; path = SimpleTableViewController.swift; sourceTree = "<group>"; };
		C92227892C59115200E7D17F /* SwitchViewController.swift */ = {isa = PBXFileReference; lastKnownFileType = sourcecode.swift; path = SwitchViewController.swift; sourceTree = "<group>"; };
		C922278B2C59122C00E7D17F /* SimpleTextFieldViewController.swift */ = {isa = PBXFileReference; lastKnownFileType = sourcecode.swift; path = SimpleTextFieldViewController.swift; sourceTree = "<group>"; };
		C922278F2C59216400E7D17F /* UIViewController+.swift */ = {isa = PBXFileReference; lastKnownFileType = sourcecode.swift; path = "UIViewController+.swift"; sourceTree = "<group>"; };
		C92227922C59277A00E7D17F /* OperatorViewController.swift */ = {isa = PBXFileReference; lastKnownFileType = sourcecode.swift; path = OperatorViewController.swift; sourceTree = "<group>"; };
/* End PBXFileReference section */

/* Begin PBXFrameworksBuildPhase section */
		C92227612C5908BC00E7D17F /* Frameworks */ = {
			isa = PBXFrameworksBuildPhase;
			buildActionMask = 2147483647;
			files = (
				C92227852C590A5A00E7D17F /* SnapKit in Frameworks */,
				C92227822C590A4900E7D17F /* RxSwift in Frameworks */,
				C92227802C590A4900E7D17F /* RxCocoa in Frameworks */,
			);
			runOnlyForDeploymentPostprocessing = 0;
		};
/* End PBXFrameworksBuildPhase section */

/* Begin PBXGroup section */
		C922275B2C5908BC00E7D17F = {
			isa = PBXGroup;
			children = (
				C92227662C5908BC00E7D17F /* Day1 */,
				C92227652C5908BC00E7D17F /* Products */,
			);
			sourceTree = "<group>";
		};
		C92227652C5908BC00E7D17F /* Products */ = {
			isa = PBXGroup;
			children = (
				C92227642C5908BC00E7D17F /* Day1.app */,
			);
			name = Products;
			sourceTree = "<group>";
		};
		C92227662C5908BC00E7D17F /* Day1 */ = {
			isa = PBXGroup;
			children = (
				C92227912C59276000E7D17F /* Operator */,
				C92227882C59114000E7D17F /* UIComponent */,
				C92227672C5908BC00E7D17F /* AppDelegate.swift */,
				C92227692C5908BC00E7D17F /* SceneDelegate.swift */,
				C922278F2C59216400E7D17F /* UIViewController+.swift */,
				C92227732C5908BC00E7D17F /* Assets.xcassets */,
				C92227752C5908BC00E7D17F /* LaunchScreen.storyboard */,
				C92227782C5908BC00E7D17F /* Info.plist */,
			);
			path = Day1;
			sourceTree = "<group>";
		};
		C92227882C59114000E7D17F /* UIComponent */ = {
			isa = PBXGroup;
			children = (
				C922276B2C5908BC00E7D17F /* SimplePickerViewController.swift */,
				C92227862C590F5900E7D17F /* SimpleTableViewController.swift */,
				C92227892C59115200E7D17F /* SwitchViewController.swift */,
				C922278B2C59122C00E7D17F /* SimpleTextFieldViewController.swift */,
			);
			path = UIComponent;
			sourceTree = "<group>";
		};
		C92227912C59276000E7D17F /* Operator */ = {
			isa = PBXGroup;
			children = (
				C92227922C59277A00E7D17F /* OperatorViewController.swift */,
			);
			path = Operator;
			sourceTree = "<group>";
		};
/* End PBXGroup section */

/* Begin PBXNativeTarget section */
		C92227632C5908BC00E7D17F /* Day1 */ = {
			isa = PBXNativeTarget;
			buildConfigurationList = C922277B2C5908BC00E7D17F /* Build configuration list for PBXNativeTarget "Day1" */;
			buildPhases = (
				C92227602C5908BC00E7D17F /* Sources */,
				C92227612C5908BC00E7D17F /* Frameworks */,
				C92227622C5908BC00E7D17F /* Resources */,
			);
			buildRules = (
			);
			dependencies = (
			);
			name = Day1;
			packageProductDependencies = (
				C922277F2C590A4900E7D17F /* RxCocoa */,
				C92227812C590A4900E7D17F /* RxSwift */,
				C92227842C590A5A00E7D17F /* SnapKit */,
			);
			productName = Day1;
			productReference = C92227642C5908BC00E7D17F /* Day1.app */;
			productType = "com.apple.product-type.application";
		};
/* End PBXNativeTarget section */

/* Begin PBXProject section */
		C922275C2C5908BC00E7D17F /* Project object */ = {
			isa = PBXProject;
			attributes = {
				BuildIndependentTargetsInParallel = 1;
				LastSwiftUpdateCheck = 1530;
				LastUpgradeCheck = 1530;
				TargetAttributes = {
					C92227632C5908BC00E7D17F = {
						CreatedOnToolsVersion = 15.3;
					};
				};
			};
			buildConfigurationList = C922275F2C5908BC00E7D17F /* Build configuration list for PBXProject "Day1" */;
			compatibilityVersion = "Xcode 14.0";
			developmentRegion = en;
			hasScannedForEncodings = 0;
			knownRegions = (
				en,
				Base,
			);
			mainGroup = C922275B2C5908BC00E7D17F;
			packageReferences = (
				C922277E2C590A4900E7D17F /* XCRemoteSwiftPackageReference "RxSwift" */,
				C92227832C590A5A00E7D17F /* XCRemoteSwiftPackageReference "SnapKit" */,
			);
			productRefGroup = C92227652C5908BC00E7D17F /* Products */;
			projectDirPath = "";
			projectRoot = "";
			targets = (
				C92227632C5908BC00E7D17F /* Day1 */,
			);
		};
/* End PBXProject section */

/* Begin PBXResourcesBuildPhase section */
		C92227622C5908BC00E7D17F /* Resources */ = {
			isa = PBXResourcesBuildPhase;
			buildActionMask = 2147483647;
			files = (
				C92227742C5908BC00E7D17F /* Assets.xcassets in Resources */,
				C92227772C5908BC00E7D17F /* Base in Resources */,
			);
			runOnlyForDeploymentPostprocessing = 0;
		};
/* End PBXResourcesBuildPhase section */

/* Begin PBXSourcesBuildPhase section */
		C92227602C5908BC00E7D17F /* Sources */ = {
			isa = PBXSourcesBuildPhase;
			buildActionMask = 2147483647;
			files = (
				C92227902C59216400E7D17F /* UIViewController+.swift in Sources */,
				C922276C2C5908BC00E7D17F /* SimplePickerViewController.swift in Sources */,
				C92227932C59277A00E7D17F /* OperatorViewController.swift in Sources */,
				C92227682C5908BC00E7D17F /* AppDelegate.swift in Sources */,
				C922278A2C59115200E7D17F /* SwitchViewController.swift in Sources */,
				C922276A2C5908BC00E7D17F /* SceneDelegate.swift in Sources */,
				C922278C2C59122C00E7D17F /* SimpleTextFieldViewController.swift in Sources */,
				C92227872C590F5900E7D17F /* SimpleTableViewController.swift in Sources */,
			);
			runOnlyForDeploymentPostprocessing = 0;
		};
/* End PBXSourcesBuildPhase section */

/* Begin PBXVariantGroup section */
		C92227752C5908BC00E7D17F /* LaunchScreen.storyboard */ = {
			isa = PBXVariantGroup;
			children = (
				C92227762C5908BC00E7D17F /* Base */,
			);
			name = LaunchScreen.storyboard;
			sourceTree = "<group>";
		};
/* End PBXVariantGroup section */

/* Begin XCBuildConfiguration section */
		C92227792C5908BC00E7D17F /* Debug */ = {
			isa = XCBuildConfiguration;
			buildSettings = {
				ALWAYS_SEARCH_USER_PATHS = NO;
				ASSETCATALOG_COMPILER_GENERATE_SWIFT_ASSET_SYMBOL_EXTENSIONS = YES;
				CLANG_ANALYZER_NONNULL = YES;
				CLANG_ANALYZER_NUMBER_OBJECT_CONVERSION = YES_AGGRESSIVE;
				CLANG_CXX_LANGUAGE_STANDARD = "gnu++20";
				CLANG_ENABLE_MODULES = YES;
				CLANG_ENABLE_OBJC_ARC = YES;
				CLANG_ENABLE_OBJC_WEAK = YES;
				CLANG_WARN_BLOCK_CAPTURE_AUTORELEASING = YES;
				CLANG_WARN_BOOL_CONVERSION = YES;
				CLANG_WARN_COMMA = YES;
				CLANG_WARN_CONSTANT_CONVERSION = YES;
				CLANG_WARN_DEPRECATED_OBJC_IMPLEMENTATIONS = YES;
				CLANG_WARN_DIRECT_OBJC_ISA_USAGE = YES_ERROR;
				CLANG_WARN_DOCUMENTATION_COMMENTS = YES;
				CLANG_WARN_EMPTY_BODY = YES;
				CLANG_WARN_ENUM_CONVERSION = YES;
				CLANG_WARN_INFINITE_RECURSION = YES;
				CLANG_WARN_INT_CONVERSION = YES;
				CLANG_WARN_NON_LITERAL_NULL_CONVERSION = YES;
				CLANG_WARN_OBJC_IMPLICIT_RETAIN_SELF = YES;
				CLANG_WARN_OBJC_LITERAL_CONVERSION = YES;
				CLANG_WARN_OBJC_ROOT_CLASS = YES_ERROR;
				CLANG_WARN_QUOTED_INCLUDE_IN_FRAMEWORK_HEADER = YES;
				CLANG_WARN_RANGE_LOOP_ANALYSIS = YES;
				CLANG_WARN_STRICT_PROTOTYPES = YES;
				CLANG_WARN_SUSPICIOUS_MOVE = YES;
				CLANG_WARN_UNGUARDED_AVAILABILITY = YES_AGGRESSIVE;
				CLANG_WARN_UNREACHABLE_CODE = YES;
				CLANG_WARN__DUPLICATE_METHOD_MATCH = YES;
				COPY_PHASE_STRIP = NO;
				DEBUG_INFORMATION_FORMAT = dwarf;
				ENABLE_STRICT_OBJC_MSGSEND = YES;
				ENABLE_TESTABILITY = YES;
				ENABLE_USER_SCRIPT_SANDBOXING = YES;
				GCC_C_LANGUAGE_STANDARD = gnu17;
				GCC_DYNAMIC_NO_PIC = NO;
				GCC_NO_COMMON_BLOCKS = YES;
				GCC_OPTIMIZATION_LEVEL = 0;
				GCC_PREPROCESSOR_DEFINITIONS = (
					"DEBUG=1",
					"$(inherited)",
				);
				GCC_WARN_64_TO_32_BIT_CONVERSION = YES;
				GCC_WARN_ABOUT_RETURN_TYPE = YES_ERROR;
				GCC_WARN_UNDECLARED_SELECTOR = YES;
				GCC_WARN_UNINITIALIZED_AUTOS = YES_AGGRESSIVE;
				GCC_WARN_UNUSED_FUNCTION = YES;
				GCC_WARN_UNUSED_VARIABLE = YES;
				IPHONEOS_DEPLOYMENT_TARGET = 17.4;
				LOCALIZATION_PREFERS_STRING_CATALOGS = YES;
				MTL_ENABLE_DEBUG_INFO = INCLUDE_SOURCE;
				MTL_FAST_MATH = YES;
				ONLY_ACTIVE_ARCH = YES;
				SDKROOT = iphoneos;
				SWIFT_ACTIVE_COMPILATION_CONDITIONS = "DEBUG $(inherited)";
				SWIFT_OPTIMIZATION_LEVEL = "-Onone";
			};
			name = Debug;
		};
		C922277A2C5908BC00E7D17F /* Release */ = {
			isa = XCBuildConfiguration;
			buildSettings = {
				ALWAYS_SEARCH_USER_PATHS = NO;
				ASSETCATALOG_COMPILER_GENERATE_SWIFT_ASSET_SYMBOL_EXTENSIONS = YES;
				CLANG_ANALYZER_NONNULL = YES;
				CLANG_ANALYZER_NUMBER_OBJECT_CONVERSION = YES_AGGRESSIVE;
				CLANG_CXX_LANGUAGE_STANDARD = "gnu++20";
				CLANG_ENABLE_MODULES = YES;
				CLANG_ENABLE_OBJC_ARC = YES;
				CLANG_ENABLE_OBJC_WEAK = YES;
				CLANG_WARN_BLOCK_CAPTURE_AUTORELEASING = YES;
				CLANG_WARN_BOOL_CONVERSION = YES;
				CLANG_WARN_COMMA = YES;
				CLANG_WARN_CONSTANT_CONVERSION = YES;
				CLANG_WARN_DEPRECATED_OBJC_IMPLEMENTATIONS = YES;
				CLANG_WARN_DIRECT_OBJC_ISA_USAGE = YES_ERROR;
				CLANG_WARN_DOCUMENTATION_COMMENTS = YES;
				CLANG_WARN_EMPTY_BODY = YES;
				CLANG_WARN_ENUM_CONVERSION = YES;
				CLANG_WARN_INFINITE_RECURSION = YES;
				CLANG_WARN_INT_CONVERSION = YES;
				CLANG_WARN_NON_LITERAL_NULL_CONVERSION = YES;
				CLANG_WARN_OBJC_IMPLICIT_RETAIN_SELF = YES;
				CLANG_WARN_OBJC_LITERAL_CONVERSION = YES;
				CLANG_WARN_OBJC_ROOT_CLASS = YES_ERROR;
				CLANG_WARN_QUOTED_INCLUDE_IN_FRAMEWORK_HEADER = YES;
				CLANG_WARN_RANGE_LOOP_ANALYSIS = YES;
				CLANG_WARN_STRICT_PROTOTYPES = YES;
				CLANG_WARN_SUSPICIOUS_MOVE = YES;
				CLANG_WARN_UNGUARDED_AVAILABILITY = YES_AGGRESSIVE;
				CLANG_WARN_UNREACHABLE_CODE = YES;
				CLANG_WARN__DUPLICATE_METHOD_MATCH = YES;
				COPY_PHASE_STRIP = NO;
				DEBUG_INFORMATION_FORMAT = "dwarf-with-dsym";
				ENABLE_NS_ASSERTIONS = NO;
				ENABLE_STRICT_OBJC_MSGSEND = YES;
				ENABLE_USER_SCRIPT_SANDBOXING = YES;
				GCC_C_LANGUAGE_STANDARD = gnu17;
				GCC_NO_COMMON_BLOCKS = YES;
				GCC_WARN_64_TO_32_BIT_CONVERSION = YES;
				GCC_WARN_ABOUT_RETURN_TYPE = YES_ERROR;
				GCC_WARN_UNDECLARED_SELECTOR = YES;
				GCC_WARN_UNINITIALIZED_AUTOS = YES_AGGRESSIVE;
				GCC_WARN_UNUSED_FUNCTION = YES;
				GCC_WARN_UNUSED_VARIABLE = YES;
				IPHONEOS_DEPLOYMENT_TARGET = 17.4;
				LOCALIZATION_PREFERS_STRING_CATALOGS = YES;
				MTL_ENABLE_DEBUG_INFO = NO;
				MTL_FAST_MATH = YES;
				SDKROOT = iphoneos;
				SWIFT_COMPILATION_MODE = wholemodule;
				VALIDATE_PRODUCT = YES;
			};
			name = Release;
		};
		C922277C2C5908BC00E7D17F /* Debug */ = {
			isa = XCBuildConfiguration;
			buildSettings = {
				ASSETCATALOG_COMPILER_APPICON_NAME = AppIcon;
				ASSETCATALOG_COMPILER_GLOBAL_ACCENT_COLOR_NAME = AccentColor;
				CODE_SIGN_STYLE = Automatic;
				CURRENT_PROJECT_VERSION = 1;
				GENERATE_INFOPLIST_FILE = YES;
				INFOPLIST_FILE = Day1/Info.plist;
				INFOPLIST_KEY_UIApplicationSupportsIndirectInputEvents = YES;
				INFOPLIST_KEY_UILaunchStoryboardName = LaunchScreen;
				INFOPLIST_KEY_UISupportedInterfaceOrientations = UIInterfaceOrientationPortrait;
				INFOPLIST_KEY_UISupportedInterfaceOrientations_iPad = UIInterfaceOrientationPortrait;
				LD_RUNPATH_SEARCH_PATHS = (
					"$(inherited)",
					"@executable_path/Frameworks",
				);
				MARKETING_VERSION = 1.0;
				PRODUCT_BUNDLE_IDENTIFIER = com.isakHam.Day1;
				PRODUCT_NAME = "$(TARGET_NAME)";
				SUPPORTED_PLATFORMS = "iphoneos iphonesimulator";
				SUPPORTS_MACCATALYST = NO;
				SUPPORTS_MAC_DESIGNED_FOR_IPHONE_IPAD = NO;
				SUPPORTS_XR_DESIGNED_FOR_IPHONE_IPAD = NO;
				SWIFT_EMIT_LOC_STRINGS = YES;
				SWIFT_VERSION = 5.0;
				TARGETED_DEVICE_FAMILY = 1;
			};
			name = Debug;
		};
		C922277D2C5908BC00E7D17F /* Release */ = {
			isa = XCBuildConfiguration;
			buildSettings = {
				ASSETCATALOG_COMPILER_APPICON_NAME = AppIcon;
				ASSETCATALOG_COMPILER_GLOBAL_ACCENT_COLOR_NAME = AccentColor;
				CODE_SIGN_STYLE = Automatic;
				CURRENT_PROJECT_VERSION = 1;
				GENERATE_INFOPLIST_FILE = YES;
				INFOPLIST_FILE = Day1/Info.plist;
				INFOPLIST_KEY_UIApplicationSupportsIndirectInputEvents = YES;
				INFOPLIST_KEY_UILaunchStoryboardName = LaunchScreen;
				INFOPLIST_KEY_UISupportedInterfaceOrientations = UIInterfaceOrientationPortrait;
				INFOPLIST_KEY_UISupportedInterfaceOrientations_iPad = UIInterfaceOrientationPortrait;
				LD_RUNPATH_SEARCH_PATHS = (
					"$(inherited)",
					"@executable_path/Frameworks",
				);
				MARKETING_VERSION = 1.0;
				PRODUCT_BUNDLE_IDENTIFIER = com.isakHam.Day1;
				PRODUCT_NAME = "$(TARGET_NAME)";
				SUPPORTED_PLATFORMS = "iphoneos iphonesimulator";
				SUPPORTS_MACCATALYST = NO;
				SUPPORTS_MAC_DESIGNED_FOR_IPHONE_IPAD = NO;
				SUPPORTS_XR_DESIGNED_FOR_IPHONE_IPAD = NO;
				SWIFT_EMIT_LOC_STRINGS = YES;
				SWIFT_VERSION = 5.0;
				TARGETED_DEVICE_FAMILY = 1;
			};
			name = Release;
		};
/* End XCBuildConfiguration section */

/* Begin XCConfigurationList section */
		C922275F2C5908BC00E7D17F /* Build configuration list for PBXProject "Day1" */ = {
			isa = XCConfigurationList;
			buildConfigurations = (
				C92227792C5908BC00E7D17F /* Debug */,
				C922277A2C5908BC00E7D17F /* Release */,
			);
			defaultConfigurationIsVisible = 0;
			defaultConfigurationName = Release;
		};
		C922277B2C5908BC00E7D17F /* Build configuration list for PBXNativeTarget "Day1" */ = {
			isa = XCConfigurationList;
			buildConfigurations = (
				C922277C2C5908BC00E7D17F /* Debug */,
				C922277D2C5908BC00E7D17F /* Release */,
			);
			defaultConfigurationIsVisible = 0;
			defaultConfigurationName = Release;
		};
/* End XCConfigurationList section */

/* Begin XCRemoteSwiftPackageReference section */
		C922277E2C590A4900E7D17F /* XCRemoteSwiftPackageReference "RxSwift" */ = {
			isa = XCRemoteSwiftPackageReference;
			repositoryURL = "https://github.com/ReactiveX/RxSwift.git";
			requirement = {
				kind = upToNextMajorVersion;
				minimumVersion = 6.7.1;
			};
		};
		C92227832C590A5A00E7D17F /* XCRemoteSwiftPackageReference "SnapKit" */ = {
			isa = XCRemoteSwiftPackageReference;
			repositoryURL = "https://github.com/SnapKit/SnapKit.git";
			requirement = {
				kind = upToNextMajorVersion;
				minimumVersion = 5.7.1;
			};
		};
/* End XCRemoteSwiftPackageReference section */

/* Begin XCSwiftPackageProductDependency section */
		C922277F2C590A4900E7D17F /* RxCocoa */ = {
			isa = XCSwiftPackageProductDependency;
			package = C922277E2C590A4900E7D17F /* XCRemoteSwiftPackageReference "RxSwift" */;
			productName = RxCocoa;
		};
		C92227812C590A4900E7D17F /* RxSwift */ = {
			isa = XCSwiftPackageProductDependency;
			package = C922277E2C590A4900E7D17F /* XCRemoteSwiftPackageReference "RxSwift" */;
			productName = RxSwift;
		};
		C92227842C590A5A00E7D17F /* SnapKit */ = {
			isa = XCSwiftPackageProductDependency;
			package = C92227832C590A5A00E7D17F /* XCRemoteSwiftPackageReference "SnapKit" */;
			productName = SnapKit;
		};
/* End XCSwiftPackageProductDependency section */
	};
	rootObject = C922275C2C5908BC00E7D17F /* Project object */;
}
